
Microsoft Visual Studio Solution File, Format Version 12.00
# Visual Studio Version 16
VisualStudioVersion = 16.0.29926.136
MinimumVisualStudioVersion = 10.0.40219.1
Project("{9A19103F-16F7-4668-BE54-9A1E7A4F7556}") = "IQFeed.Datastore", "src\IQFeed.Datastore\IQFeed.Datastore.csproj", "{5B3EF2DB-B929-4045-8715-524E05E4790E}"
EndProject
Project("{9A19103F-16F7-4668-BE54-9A1E7A4F7556}") = "IQFeed.Datastore.Downloader", "src\IQFeed.Datastore.Downloader\IQFeed.Datastore.Downloader.csproj", "{58BE5AED-EA2B-4FCE-9C6A-49239826512C}"
EndProject
Project("{9A19103F-16F7-4668-BE54-9A1E7A4F7556}") = "IQFeed.Datastore.Reader", "src\IQFeed.Datastore.Reader\IQFeed.Datastore.Reader.csproj", "{A788F81F-FA33-4B58-8485-BE5B9B622E63}"
EndProject
Global
	GlobalSection(SolutionConfigurationPlatforms) = preSolution
		Debug|Any CPU = Debug|Any CPU
		Release|Any CPU = Release|Any CPU
	EndGlobalSection
	GlobalSection(ProjectConfigurationPlatforms) = postSolution
		{5B3EF2DB-B929-4045-8715-524E05E4790E}.Debug|Any CPU.ActiveCfg = Debug|Any CPU
		{5B3EF2DB-B929-4045-8715-524E05E4790E}.Debug|Any CPU.Build.0 = Debug|Any CPU
		{5B3EF2DB-B929-4045-8715-524E05E4790E}.Release|Any CPU.ActiveCfg = Release|Any CPU
		{5B3EF2DB-B929-4045-8715-524E05E4790E}.Release|Any CPU.Build.0 = Release|Any CPU
		{58BE5AED-EA2B-4FCE-9C6A-49239826512C}.Debug|Any CPU.ActiveCfg = Debug|Any CPU
		{58BE5AED-EA2B-4FCE-9C6A-49239826512C}.Debug|Any CPU.Build.0 = Debug|Any CPU
		{58BE5AED-EA2B-4FCE-9C6A-49239826512C}.Release|Any CPU.ActiveCfg = Release|Any CPU
		{58BE5AED-EA2B-4FCE-9C6A-49239826512C}.Release|Any CPU.Build.0 = Release|Any CPU
		{A788F81F-FA33-4B58-8485-BE5B9B622E63}.Debug|Any CPU.ActiveCfg = Debug|Any CPU
		{A788F81F-FA33-4B58-8485-BE5B9B622E63}.Debug|Any CPU.Build.0 = Debug|Any CPU
		{A788F81F-FA33-4B58-8485-BE5B9B622E63}.Release|Any CPU.ActiveCfg = Release|Any CPU
		{A788F81F-FA33-4B58-8485-BE5B9B622E63}.Release|Any CPU.Build.0 = Release|Any CPU
	EndGlobalSection
	GlobalSection(SolutionProperties) = preSolution
		HideSolutionNode = FALSE
	EndGlobalSection
	GlobalSection(ExtensibilityGlobals) = postSolution
		SolutionGuid = {C85443CB-95FC-43E3-BA14-D5A564D0ADA2}
	EndGlobalSection
EndGlobal
